
Microsoft Visual Studio Solution File, Format Version 12.00
# Visual Studio Version 17
VisualStudioVersion = 17.14.36603.0 d17.14
MinimumVisualStudioVersion = 10.0.40219.1
Project("{8BC9CEB8-8B4A-11D0-8D11-00A0C91BC942}") = "hw1", "hw1\hw1.vcxproj", "{52076D5E-4992-437A-8A09-C742DDD7DEF1}"
EndProject
Global
	GlobalSection(SolutionConfigurationPlatforms) = preSolution
		Debug|x64 = Debug|x64
		Debug|x86 = Debug|x86
		Release|x64 = Release|x64
		Release|x86 = Release|x86
	EndGlobalSection
	GlobalSection(ProjectConfigurationPlatforms) = postSolution
		{52076D5E-4992-437A-8A09-C742DDD7DEF1}.Debug|x64.ActiveCfg = Debug|x64
		{52076D5E-4992-437A-8A09-C742DDD7DEF1}.Debug|x64.Build.0 = Debug|x64
		{52076D5E-4992-437A-8A09-C742DDD7DEF1}.Debug|x86.ActiveCfg = Debug|Win32
		{52076D5E-4992-437A-8A09-C742DDD7DEF1}.Debug|x86.Build.0 = Debug|Win32
		{52076D5E-4992-437A-8A09-C742DDD7DEF1}.Release|x64.ActiveCfg = Release|x64
		{52076D5E-4992-437A-8A09-C742DDD7DEF1}.Release|x64.Build.0 = Release|x64
		{52076D5E-4992-437A-8A09-C742DDD7DEF1}.Release|x86.ActiveCfg = Release|Win32
		{52076D5E-4992-437A-8A09-C742DDD7DEF1}.Release|x86.Build.0 = Release|Win32
	EndGlobalSection
	GlobalSection(SolutionProperties) = preSolution
		HideSolutionNode = FALSE
	EndGlobalSection
	GlobalSection(ExtensibilityGlobals) = postSolution
		SolutionGuid = {C5C52B14-BBF7-499C-B259-EDFE9F53E3BE}
	EndGlobalSection
EndGlobal
